{
  "name": "isolate",
  "version": "0.0.1",
  "lockfileVersion": 1,
  "requires": true,
  "dependencies": {
    "@types/node": {
      "version": "11.11.0",
      "resolved": "https://registry.npmjs.org/@types/node/-/node-11.11.0.tgz",
      "integrity": "sha512-D5Rt+HXgEywr3RQJcGlZUCTCx1qVbCZpVk3/tOOA6spLNZdGm8BU+zRgdRYDoF1pO3RuXLxADzMrF903JlQXqg=="
    },
    "async-limiter": {
      "version": "1.0.0",
      "resolved": "https://registry.npmjs.org/async-limiter/-/async-limiter-1.0.0.tgz",
      "integrity": "sha512-jp/uFnooOiO+L211eZOoSyzpOITMXx1rBITauYykG3BRYPu8h0UcxsPNB04RR5vo4Tyz3+ay17tR6JVf9qzYWg=="
    },
    "chrome-remote-interface": {
      "version": "0.27.1",
      "resolved": "https://registry.npmjs.org/chrome-remote-interface/-/chrome-remote-interface-0.27.1.tgz",
      "integrity": "sha512-aX3Q7QQyZ66JFuwYbL2UdumfR6m1rfBFkUBEK2/Xcg74JlrG0n1x0/4DL5VOtnK4Vd3ZScOh6S5T9lnck2T2Yw==",
      "requires": {
        "commander": "2.11.x",
        "ws": "^6.1.0"
      }
    },
    "commander": {
      "version": "2.11.0",
      "resolved": "https://registry.npmjs.org/commander/-/commander-2.11.0.tgz",
      "integrity": "sha512-b0553uYA5YAEGgyYIGYROzKQ7X5RAqedkfjiZxwi0kL1g3bOaBNNZfYkzt/CL0umgD5wc9Jec2FbB98CjkMRvQ=="
    },
    "ws": {
      "version": "6.2.0",
      "resolved": "https://registry.npmjs.org/ws/-/ws-6.2.0.tgz",
      "integrity": "sha512-deZYUNlt2O4buFCa3t5bKLf8A7FPP/TVjwOeVNpw818Ma5nk4MLXls2eoEGS39o8119QIYxTrTDoPQ5B/gTD6w==",
      "requires": {
        "async-limiter": "~1.0.0"
      }
    }
  }
}
